
Microsoft Visual Studio Solution File, Format Version 10.00
# Visual Studio 2008
Project("{8BC9CEB8-8B4A-11D0-8D11-00A0C91BC942}") = "rom_add", "rom_add\rom_add.vcproj", "{A7DECB89-3861-445C-AB77-53935F5BDE94}"
EndProject
Global
	GlobalSection(SolutionConfigurationPlatforms) = preSolution
		Debug|Win32 = Debug|Win32
		Release|Win32 = Release|Win32
	EndGlobalSection
	GlobalSection(ProjectConfigurationPlatforms) = postSolution
		{A7DECB89-3861-445C-AB77-53935F5BDE94}.Debug|Win32.ActiveCfg = Debug|Win32
		{A7DECB89-3861-445C-AB77-53935F5BDE94}.Debug|Win32.Build.0 = Debug|Win32
		{A7DECB89-3861-445C-AB77-53935F5BDE94}.Release|Win32.ActiveCfg = Release|Win32
		{A7DECB89-3861-445C-AB77-53935F5BDE94}.Release|Win32.Build.0 = Release|Win32
	EndGlobalSection
	GlobalSection(SolutionProperties) = preSolution
		HideSolutionNode = FALSE
	EndGlobalSection
EndGlobal
